
Microsoft Visual Studio Solution File, Format Version 12.00
# Visual Studio Version 16
VisualStudioVersion = 16.0.31129.286
MinimumVisualStudioVersion = 10.0.40219.1
Project("{FAE04EC0-301F-11D3-BF4B-00C04F79EFBC}") = "RT Coffee App", "RT Coffee App\RT Coffee App.csproj", "{F8E1097C-C488-44C5-A4AD-1AA9E1B93358}"
EndProject
Global
	GlobalSection(SolutionConfigurationPlatforms) = preSolution
		Debug|Any CPU = Debug|Any CPU
		Release|Any CPU = Release|Any CPU
	EndGlobalSection
	GlobalSection(ProjectConfigurationPlatforms) = postSolution
		{F8E1097C-C488-44C5-A4AD-1AA9E1B93358}.Debug|Any CPU.ActiveCfg = Debug|Any CPU
		{F8E1097C-C488-44C5-A4AD-1AA9E1B93358}.Debug|Any CPU.Build.0 = Debug|Any CPU
		{F8E1097C-C488-44C5-A4AD-1AA9E1B93358}.Release|Any CPU.ActiveCfg = Release|Any CPU
		{F8E1097C-C488-44C5-A4AD-1AA9E1B93358}.Release|Any CPU.Build.0 = Release|Any CPU
	EndGlobalSection
	GlobalSection(SolutionProperties) = preSolution
		HideSolutionNode = FALSE
	EndGlobalSection
	GlobalSection(ExtensibilityGlobals) = postSolution
		SolutionGuid = {4F32D0CA-B281-46BF-98AF-ECEC54F950E7}
	EndGlobalSection
EndGlobal
